
Microsoft Visual Studio Solution File, Format Version 12.00
# Visual Studio Version 17
VisualStudioVersion = 17.3.32922.545
MinimumVisualStudioVersion = 10.0.40219.1
Project("{FAE04EC0-301F-11D3-BF4B-00C04F79EFBC}") = "RecapDemo1", "RecapDemo1\RecapDemo1.csproj", "{B9B7C8AF-EB21-40A3-B99F-7CF6D67769EA}"
EndProject
Project("{9A19103F-16F7-4668-BE54-9A1E7A4F7556}") = "Interfaces", "Interfaces\Interfaces.csproj", "{D40C9C27-6D1B-46FC-9C8F-247159250A72}"
EndProject
Project("{FAE04EC0-301F-11D3-BF4B-00C04F79EFBC}") = "AbstractClasses", "AbstractClasses\AbstractClasses.csproj", "{8A63362F-CFB5-44F9-87BB-0DFF21840AEF}"
EndProject
Global
	GlobalSection(SolutionConfigurationPlatforms) = preSolution
		Debug|Any CPU = Debug|Any CPU
		Release|Any CPU = Release|Any CPU
	EndGlobalSection
	GlobalSection(ProjectConfigurationPlatforms) = postSolution
		{B9B7C8AF-EB21-40A3-B99F-7CF6D67769EA}.Debug|Any CPU.ActiveCfg = Debug|Any CPU
		{B9B7C8AF-EB21-40A3-B99F-7CF6D67769EA}.Debug|Any CPU.Build.0 = Debug|Any CPU
		{B9B7C8AF-EB21-40A3-B99F-7CF6D67769EA}.Release|Any CPU.ActiveCfg = Release|Any CPU
		{B9B7C8AF-EB21-40A3-B99F-7CF6D67769EA}.Release|Any CPU.Build.0 = Release|Any CPU
		{D40C9C27-6D1B-46FC-9C8F-247159250A72}.Debug|Any CPU.ActiveCfg = Debug|Any CPU
		{D40C9C27-6D1B-46FC-9C8F-247159250A72}.Debug|Any CPU.Build.0 = Debug|Any CPU
		{D40C9C27-6D1B-46FC-9C8F-247159250A72}.Release|Any CPU.ActiveCfg = Release|Any CPU
		{D40C9C27-6D1B-46FC-9C8F-247159250A72}.Release|Any CPU.Build.0 = Release|Any CPU
		{8A63362F-CFB5-44F9-87BB-0DFF21840AEF}.Debug|Any CPU.ActiveCfg = Debug|Any CPU
		{8A63362F-CFB5-44F9-87BB-0DFF21840AEF}.Debug|Any CPU.Build.0 = Debug|Any CPU
		{8A63362F-CFB5-44F9-87BB-0DFF21840AEF}.Release|Any CPU.ActiveCfg = Release|Any CPU
		{8A63362F-CFB5-44F9-87BB-0DFF21840AEF}.Release|Any CPU.Build.0 = Release|Any CPU
	EndGlobalSection
	GlobalSection(SolutionProperties) = preSolution
		HideSolutionNode = FALSE
	EndGlobalSection
	GlobalSection(ExtensibilityGlobals) = postSolution
		SolutionGuid = {2E0AB76E-D023-41B2-9E7F-47B35CC818D8}
	EndGlobalSection
EndGlobal
